
Microsoft Visual Studio Solution File, Format Version 12.00
# Visual Studio 15
VisualStudioVersion = 15.0.28307.136
MinimumVisualStudioVersion = 10.0.40219.1
Project("{FAE04EC0-301F-11D3-BF4B-00C04F79EFBC}") = "LPKService", "LPKService\LPKService.csproj", "{71A99AAE-E98E-4EBD-A19C-06690DB65874}"
EndProject
Project("{FAE04EC0-301F-11D3-BF4B-00C04F79EFBC}") = "Logger", "Logger\Logger.csproj", "{3BCCB274-37C3-40A5-A177-9708C46D22B4}"
EndProject
Project("{FAE04EC0-301F-11D3-BF4B-00C04F79EFBC}") = "SOM", "SOM\SOM.csproj", "{96F27AC8-799D-4031-84E8-D2664412F29E}"
EndProject
Project("{FAE04EC0-301F-11D3-BF4B-00C04F79EFBC}") = "Work", "Work\Work.csproj", "{882D4DD8-C734-4D0F-AAC0-577DA73202E6}"
EndProject
Project("{FAE04EC0-301F-11D3-BF4B-00C04F79EFBC}") = "Repository", "Repository\Repository.csproj", "{87B4638A-8693-43A8-8E42-DDEC8415C880}"
EndProject
Global
	GlobalSection(SolutionConfigurationPlatforms) = preSolution
		Debug|Any CPU = Debug|Any CPU
		Release|Any CPU = Release|Any CPU
	EndGlobalSection
	GlobalSection(ProjectConfigurationPlatforms) = postSolution
		{71A99AAE-E98E-4EBD-A19C-06690DB65874}.Debug|Any CPU.ActiveCfg = Debug|Any CPU
		{71A99AAE-E98E-4EBD-A19C-06690DB65874}.Debug|Any CPU.Build.0 = Debug|Any CPU
		{71A99AAE-E98E-4EBD-A19C-06690DB65874}.Release|Any CPU.ActiveCfg = Release|Any CPU
		{71A99AAE-E98E-4EBD-A19C-06690DB65874}.Release|Any CPU.Build.0 = Release|Any CPU
		{3BCCB274-37C3-40A5-A177-9708C46D22B4}.Debug|Any CPU.ActiveCfg = Debug|Any CPU
		{3BCCB274-37C3-40A5-A177-9708C46D22B4}.Debug|Any CPU.Build.0 = Debug|Any CPU
		{3BCCB274-37C3-40A5-A177-9708C46D22B4}.Release|Any CPU.ActiveCfg = Release|Any CPU
		{3BCCB274-37C3-40A5-A177-9708C46D22B4}.Release|Any CPU.Build.0 = Release|Any CPU
		{96F27AC8-799D-4031-84E8-D2664412F29E}.Debug|Any CPU.ActiveCfg = Debug|Any CPU
		{96F27AC8-799D-4031-84E8-D2664412F29E}.Debug|Any CPU.Build.0 = Debug|Any CPU
		{96F27AC8-799D-4031-84E8-D2664412F29E}.Release|Any CPU.ActiveCfg = Release|Any CPU
		{96F27AC8-799D-4031-84E8-D2664412F29E}.Release|Any CPU.Build.0 = Release|Any CPU
		{882D4DD8-C734-4D0F-AAC0-577DA73202E6}.Debug|Any CPU.ActiveCfg = Debug|Any CPU
		{882D4DD8-C734-4D0F-AAC0-577DA73202E6}.Debug|Any CPU.Build.0 = Debug|Any CPU
		{882D4DD8-C734-4D0F-AAC0-577DA73202E6}.Release|Any CPU.ActiveCfg = Release|Any CPU
		{882D4DD8-C734-4D0F-AAC0-577DA73202E6}.Release|Any CPU.Build.0 = Release|Any CPU
		{87B4638A-8693-43A8-8E42-DDEC8415C880}.Debug|Any CPU.ActiveCfg = Debug|Any CPU
		{87B4638A-8693-43A8-8E42-DDEC8415C880}.Debug|Any CPU.Build.0 = Debug|Any CPU
		{87B4638A-8693-43A8-8E42-DDEC8415C880}.Release|Any CPU.ActiveCfg = Release|Any CPU
		{87B4638A-8693-43A8-8E42-DDEC8415C880}.Release|Any CPU.Build.0 = Release|Any CPU
	EndGlobalSection
	GlobalSection(SolutionProperties) = preSolution
		HideSolutionNode = FALSE
	EndGlobalSection
	GlobalSection(ExtensibilityGlobals) = postSolution
		SolutionGuid = {80BF754F-2C5D-451B-8F47-574E89B769A2}
	EndGlobalSection
EndGlobal
