
Microsoft Visual Studio Solution File, Format Version 12.00
# Visual Studio 15
VisualStudioVersion = 15.0.28307.136
MinimumVisualStudioVersion = 10.0.40219.1
Project("{FAE04EC0-301F-11D3-BF4B-00C04F79EFBC}") = "LPKService", "LPKService\LPKService.csproj", "{71A99AAE-E98E-4EBD-A19C-06690DB65874}"
EndProject
Project("{FAE04EC0-301F-11D3-BF4B-00C04F79EFBC}") = "Work", "Work\Work.csproj", "{882D4DD8-C734-4D0F-AAC0-577DA73202E6}"
EndProject
Project("{FAE04EC0-301F-11D3-BF4B-00C04F79EFBC}") = "FuncionalTest", "FuncionalTest\FuncionalTest.csproj", "{ABCA006D-E11F-417A-9040-F79700F44C7B}"
EndProject
Project("{2150E333-8FDC-42A3-9474-1A3956D46DE8}") = "Domain", "Domain", "{23E50A6A-2937-4568-8EF1-C388DF583569}"
EndProject
Project("{FAE04EC0-301F-11D3-BF4B-00C04F79EFBC}") = "LPKService.Domain", "LPKService.Domain\LPKService.Domain.csproj", "{3E9D748E-1A4B-4E1E-AA17-DBBB1017CCB7}"
EndProject
Project("{2150E333-8FDC-42A3-9474-1A3956D46DE8}") = "Infrastructure", "Infrastructure", "{CFEC63B1-4789-4E7E-9AB3-570D0804087D}"
EndProject
Project("{FAE04EC0-301F-11D3-BF4B-00C04F79EFBC}") = "LPKService.Infrastructure", "LPKService.Infrastructure\LPKService.Infrastructure.csproj", "{A8D446B0-F73F-4048-B1DE-C39274313A3C}"
EndProject
Project("{2150E333-8FDC-42A3-9474-1A3956D46DE8}") = "Application", "Application", "{B5CB31DD-B458-4A8C-A51C-6B1715F4C183}"
EndProject
Project("{FAE04EC0-301F-11D3-BF4B-00C04F79EFBC}") = "Repository", "Repository\Repository.csproj", "{16230BE5-7057-40AD-8E83-5D4D9BA3E070}"
EndProject
Global
	GlobalSection(SolutionConfigurationPlatforms) = preSolution
		Debug|Any CPU = Debug|Any CPU
		Debug|x86 = Debug|x86
		Release|Any CPU = Release|Any CPU
		Release|x86 = Release|x86
	EndGlobalSection
	GlobalSection(ProjectConfigurationPlatforms) = postSolution
		{71A99AAE-E98E-4EBD-A19C-06690DB65874}.Debug|Any CPU.ActiveCfg = Debug|Any CPU
		{71A99AAE-E98E-4EBD-A19C-06690DB65874}.Debug|Any CPU.Build.0 = Debug|Any CPU
		{71A99AAE-E98E-4EBD-A19C-06690DB65874}.Debug|x86.ActiveCfg = Debug|x86
		{71A99AAE-E98E-4EBD-A19C-06690DB65874}.Debug|x86.Build.0 = Debug|x86
		{71A99AAE-E98E-4EBD-A19C-06690DB65874}.Release|Any CPU.ActiveCfg = Release|Any CPU
		{71A99AAE-E98E-4EBD-A19C-06690DB65874}.Release|Any CPU.Build.0 = Release|Any CPU
		{71A99AAE-E98E-4EBD-A19C-06690DB65874}.Release|x86.ActiveCfg = Release|x86
		{71A99AAE-E98E-4EBD-A19C-06690DB65874}.Release|x86.Build.0 = Release|x86
		{882D4DD8-C734-4D0F-AAC0-577DA73202E6}.Debug|Any CPU.ActiveCfg = Debug|Any CPU
		{882D4DD8-C734-4D0F-AAC0-577DA73202E6}.Debug|Any CPU.Build.0 = Debug|Any CPU
		{882D4DD8-C734-4D0F-AAC0-577DA73202E6}.Debug|x86.ActiveCfg = Debug|x86
		{882D4DD8-C734-4D0F-AAC0-577DA73202E6}.Debug|x86.Build.0 = Debug|x86
		{882D4DD8-C734-4D0F-AAC0-577DA73202E6}.Release|Any CPU.ActiveCfg = Release|Any CPU
		{882D4DD8-C734-4D0F-AAC0-577DA73202E6}.Release|Any CPU.Build.0 = Release|Any CPU
		{882D4DD8-C734-4D0F-AAC0-577DA73202E6}.Release|x86.ActiveCfg = Release|x86
		{882D4DD8-C734-4D0F-AAC0-577DA73202E6}.Release|x86.Build.0 = Release|x86
		{ABCA006D-E11F-417A-9040-F79700F44C7B}.Debug|Any CPU.ActiveCfg = Debug|Any CPU
		{ABCA006D-E11F-417A-9040-F79700F44C7B}.Debug|Any CPU.Build.0 = Debug|Any CPU
		{ABCA006D-E11F-417A-9040-F79700F44C7B}.Debug|x86.ActiveCfg = Debug|x86
		{ABCA006D-E11F-417A-9040-F79700F44C7B}.Debug|x86.Build.0 = Debug|x86
		{ABCA006D-E11F-417A-9040-F79700F44C7B}.Release|Any CPU.ActiveCfg = Release|Any CPU
		{ABCA006D-E11F-417A-9040-F79700F44C7B}.Release|Any CPU.Build.0 = Release|Any CPU
		{ABCA006D-E11F-417A-9040-F79700F44C7B}.Release|x86.ActiveCfg = Release|x86
		{ABCA006D-E11F-417A-9040-F79700F44C7B}.Release|x86.Build.0 = Release|x86
		{3E9D748E-1A4B-4E1E-AA17-DBBB1017CCB7}.Debug|Any CPU.ActiveCfg = Debug|Any CPU
		{3E9D748E-1A4B-4E1E-AA17-DBBB1017CCB7}.Debug|Any CPU.Build.0 = Debug|Any CPU
		{3E9D748E-1A4B-4E1E-AA17-DBBB1017CCB7}.Debug|x86.ActiveCfg = Debug|Any CPU
		{3E9D748E-1A4B-4E1E-AA17-DBBB1017CCB7}.Debug|x86.Build.0 = Debug|Any CPU
		{3E9D748E-1A4B-4E1E-AA17-DBBB1017CCB7}.Release|Any CPU.ActiveCfg = Release|Any CPU
		{3E9D748E-1A4B-4E1E-AA17-DBBB1017CCB7}.Release|Any CPU.Build.0 = Release|Any CPU
		{3E9D748E-1A4B-4E1E-AA17-DBBB1017CCB7}.Release|x86.ActiveCfg = Release|Any CPU
		{3E9D748E-1A4B-4E1E-AA17-DBBB1017CCB7}.Release|x86.Build.0 = Release|Any CPU
		{A8D446B0-F73F-4048-B1DE-C39274313A3C}.Debug|Any CPU.ActiveCfg = Debug|Any CPU
		{A8D446B0-F73F-4048-B1DE-C39274313A3C}.Debug|Any CPU.Build.0 = Debug|Any CPU
		{A8D446B0-F73F-4048-B1DE-C39274313A3C}.Debug|x86.ActiveCfg = Debug|Any CPU
		{A8D446B0-F73F-4048-B1DE-C39274313A3C}.Debug|x86.Build.0 = Debug|Any CPU
		{A8D446B0-F73F-4048-B1DE-C39274313A3C}.Release|Any CPU.ActiveCfg = Release|Any CPU
		{A8D446B0-F73F-4048-B1DE-C39274313A3C}.Release|Any CPU.Build.0 = Release|Any CPU
		{A8D446B0-F73F-4048-B1DE-C39274313A3C}.Release|x86.ActiveCfg = Release|Any CPU
		{A8D446B0-F73F-4048-B1DE-C39274313A3C}.Release|x86.Build.0 = Release|Any CPU
		{16230BE5-7057-40AD-8E83-5D4D9BA3E070}.Debug|Any CPU.ActiveCfg = Debug|Any CPU
		{16230BE5-7057-40AD-8E83-5D4D9BA3E070}.Debug|Any CPU.Build.0 = Debug|Any CPU
		{16230BE5-7057-40AD-8E83-5D4D9BA3E070}.Debug|x86.ActiveCfg = Debug|Any CPU
		{16230BE5-7057-40AD-8E83-5D4D9BA3E070}.Debug|x86.Build.0 = Debug|Any CPU
		{16230BE5-7057-40AD-8E83-5D4D9BA3E070}.Release|Any CPU.ActiveCfg = Release|Any CPU
		{16230BE5-7057-40AD-8E83-5D4D9BA3E070}.Release|Any CPU.Build.0 = Release|Any CPU
		{16230BE5-7057-40AD-8E83-5D4D9BA3E070}.Release|x86.ActiveCfg = Release|Any CPU
		{16230BE5-7057-40AD-8E83-5D4D9BA3E070}.Release|x86.Build.0 = Release|Any CPU
	EndGlobalSection
	GlobalSection(SolutionProperties) = preSolution
		HideSolutionNode = FALSE
	EndGlobalSection
	GlobalSection(NestedProjects) = preSolution
		{882D4DD8-C734-4D0F-AAC0-577DA73202E6} = {B5CB31DD-B458-4A8C-A51C-6B1715F4C183}
		{3E9D748E-1A4B-4E1E-AA17-DBBB1017CCB7} = {23E50A6A-2937-4568-8EF1-C388DF583569}
		{A8D446B0-F73F-4048-B1DE-C39274313A3C} = {CFEC63B1-4789-4E7E-9AB3-570D0804087D}
		{16230BE5-7057-40AD-8E83-5D4D9BA3E070} = {B5CB31DD-B458-4A8C-A51C-6B1715F4C183}
	EndGlobalSection
	GlobalSection(ExtensibilityGlobals) = postSolution
		SolutionGuid = {80BF754F-2C5D-451B-8F47-574E89B769A2}
	EndGlobalSection
EndGlobal
