
Microsoft Visual Studio Solution File, Format Version 12.00
# Visual Studio 15
VisualStudioVersion = 15.0.28307.136
MinimumVisualStudioVersion = 10.0.40219.1
Project("{FAE04EC0-301F-11D3-BF4B-00C04F79EFBC}") = "LPKService", "LPKService\LPKService.csproj", "{71A99AAE-E98E-4EBD-A19C-06690DB65874}"
EndProject
Project("{FAE04EC0-301F-11D3-BF4B-00C04F79EFBC}") = "SOM", "SOM\SOM.csproj", "{96F27AC8-799D-4031-84E8-D2664412F29E}"
EndProject
Project("{FAE04EC0-301F-11D3-BF4B-00C04F79EFBC}") = "Work", "Work\Work.csproj", "{882D4DD8-C734-4D0F-AAC0-577DA73202E6}"
EndProject
Project("{FAE04EC0-301F-11D3-BF4B-00C04F79EFBC}") = "Repository", "Repository\Repository.csproj", "{87B4638A-8693-43A8-8E42-DDEC8415C880}"
EndProject
Project("{FAE04EC0-301F-11D3-BF4B-00C04F79EFBC}") = "FuncionalTest", "FuncionalTest\FuncionalTest.csproj", "{ABCA006D-E11F-417A-9040-F79700F44C7B}"
EndProject
Project("{FAE04EC0-301F-11D3-BF4B-00C04F79EFBC}") = "Shipping", "Shipping\Shipping.csproj", "{DEAE560D-CB0B-40DF-92CB-621D5E321C72}"
EndProject
Project("{FAE04EC0-301F-11D3-BF4B-00C04F79EFBC}") = "LPKServiceSDK", "LPKServiceSDK\LPKServiceSDK.csproj", "{27304222-679B-4E18-8B73-2F9707D35853}"
EndProject
Project("{FAE04EC0-301F-11D3-BF4B-00C04F79EFBC}") = "CCM", "CCM\CCM.csproj", "{D3F3CA8C-6220-414D-845F-E1A2B0DE8561}"
EndProject
Global
	GlobalSection(SolutionConfigurationPlatforms) = preSolution
		Debug|Any CPU = Debug|Any CPU
		Debug|x86 = Debug|x86
		Release|Any CPU = Release|Any CPU
		Release|x86 = Release|x86
	EndGlobalSection
	GlobalSection(ProjectConfigurationPlatforms) = postSolution
		{71A99AAE-E98E-4EBD-A19C-06690DB65874}.Debug|Any CPU.ActiveCfg = Debug|Any CPU
		{71A99AAE-E98E-4EBD-A19C-06690DB65874}.Debug|Any CPU.Build.0 = Debug|Any CPU
		{71A99AAE-E98E-4EBD-A19C-06690DB65874}.Debug|x86.ActiveCfg = Debug|x86
		{71A99AAE-E98E-4EBD-A19C-06690DB65874}.Debug|x86.Build.0 = Debug|x86
		{71A99AAE-E98E-4EBD-A19C-06690DB65874}.Release|Any CPU.ActiveCfg = Release|Any CPU
		{71A99AAE-E98E-4EBD-A19C-06690DB65874}.Release|Any CPU.Build.0 = Release|Any CPU
		{71A99AAE-E98E-4EBD-A19C-06690DB65874}.Release|x86.ActiveCfg = Release|x86
		{71A99AAE-E98E-4EBD-A19C-06690DB65874}.Release|x86.Build.0 = Release|x86
		{96F27AC8-799D-4031-84E8-D2664412F29E}.Debug|Any CPU.ActiveCfg = Debug|Any CPU
		{96F27AC8-799D-4031-84E8-D2664412F29E}.Debug|Any CPU.Build.0 = Debug|Any CPU
		{96F27AC8-799D-4031-84E8-D2664412F29E}.Debug|x86.ActiveCfg = Debug|x86
		{96F27AC8-799D-4031-84E8-D2664412F29E}.Debug|x86.Build.0 = Debug|x86
		{96F27AC8-799D-4031-84E8-D2664412F29E}.Release|Any CPU.ActiveCfg = Release|Any CPU
		{96F27AC8-799D-4031-84E8-D2664412F29E}.Release|Any CPU.Build.0 = Release|Any CPU
		{96F27AC8-799D-4031-84E8-D2664412F29E}.Release|x86.ActiveCfg = Release|x86
		{96F27AC8-799D-4031-84E8-D2664412F29E}.Release|x86.Build.0 = Release|x86
		{882D4DD8-C734-4D0F-AAC0-577DA73202E6}.Debug|Any CPU.ActiveCfg = Debug|Any CPU
		{882D4DD8-C734-4D0F-AAC0-577DA73202E6}.Debug|Any CPU.Build.0 = Debug|Any CPU
		{882D4DD8-C734-4D0F-AAC0-577DA73202E6}.Debug|x86.ActiveCfg = Debug|x86
		{882D4DD8-C734-4D0F-AAC0-577DA73202E6}.Debug|x86.Build.0 = Debug|x86
		{882D4DD8-C734-4D0F-AAC0-577DA73202E6}.Release|Any CPU.ActiveCfg = Release|Any CPU
		{882D4DD8-C734-4D0F-AAC0-577DA73202E6}.Release|Any CPU.Build.0 = Release|Any CPU
		{882D4DD8-C734-4D0F-AAC0-577DA73202E6}.Release|x86.ActiveCfg = Release|x86
		{882D4DD8-C734-4D0F-AAC0-577DA73202E6}.Release|x86.Build.0 = Release|x86
		{87B4638A-8693-43A8-8E42-DDEC8415C880}.Debug|Any CPU.ActiveCfg = Debug|Any CPU
		{87B4638A-8693-43A8-8E42-DDEC8415C880}.Debug|Any CPU.Build.0 = Debug|Any CPU
		{87B4638A-8693-43A8-8E42-DDEC8415C880}.Debug|x86.ActiveCfg = Debug|x86
		{87B4638A-8693-43A8-8E42-DDEC8415C880}.Debug|x86.Build.0 = Debug|x86
		{87B4638A-8693-43A8-8E42-DDEC8415C880}.Release|Any CPU.ActiveCfg = Release|Any CPU
		{87B4638A-8693-43A8-8E42-DDEC8415C880}.Release|Any CPU.Build.0 = Release|Any CPU
		{87B4638A-8693-43A8-8E42-DDEC8415C880}.Release|x86.ActiveCfg = Release|x86
		{87B4638A-8693-43A8-8E42-DDEC8415C880}.Release|x86.Build.0 = Release|x86
		{ABCA006D-E11F-417A-9040-F79700F44C7B}.Debug|Any CPU.ActiveCfg = Debug|Any CPU
		{ABCA006D-E11F-417A-9040-F79700F44C7B}.Debug|Any CPU.Build.0 = Debug|Any CPU
		{ABCA006D-E11F-417A-9040-F79700F44C7B}.Debug|x86.ActiveCfg = Debug|x86
		{ABCA006D-E11F-417A-9040-F79700F44C7B}.Debug|x86.Build.0 = Debug|x86
		{ABCA006D-E11F-417A-9040-F79700F44C7B}.Release|Any CPU.ActiveCfg = Release|Any CPU
		{ABCA006D-E11F-417A-9040-F79700F44C7B}.Release|Any CPU.Build.0 = Release|Any CPU
		{ABCA006D-E11F-417A-9040-F79700F44C7B}.Release|x86.ActiveCfg = Release|x86
		{ABCA006D-E11F-417A-9040-F79700F44C7B}.Release|x86.Build.0 = Release|x86
		{DEAE560D-CB0B-40DF-92CB-621D5E321C72}.Debug|Any CPU.ActiveCfg = Debug|Any CPU
		{DEAE560D-CB0B-40DF-92CB-621D5E321C72}.Debug|Any CPU.Build.0 = Debug|Any CPU
		{DEAE560D-CB0B-40DF-92CB-621D5E321C72}.Debug|x86.ActiveCfg = Debug|x86
		{DEAE560D-CB0B-40DF-92CB-621D5E321C72}.Debug|x86.Build.0 = Debug|x86
		{DEAE560D-CB0B-40DF-92CB-621D5E321C72}.Release|Any CPU.ActiveCfg = Release|Any CPU
		{DEAE560D-CB0B-40DF-92CB-621D5E321C72}.Release|Any CPU.Build.0 = Release|Any CPU
		{DEAE560D-CB0B-40DF-92CB-621D5E321C72}.Release|x86.ActiveCfg = Release|x86
		{DEAE560D-CB0B-40DF-92CB-621D5E321C72}.Release|x86.Build.0 = Release|x86
		{27304222-679B-4E18-8B73-2F9707D35853}.Debug|Any CPU.ActiveCfg = Debug|Any CPU
		{27304222-679B-4E18-8B73-2F9707D35853}.Debug|Any CPU.Build.0 = Debug|Any CPU
		{27304222-679B-4E18-8B73-2F9707D35853}.Debug|x86.ActiveCfg = Debug|Any CPU
		{27304222-679B-4E18-8B73-2F9707D35853}.Debug|x86.Build.0 = Debug|Any CPU
		{27304222-679B-4E18-8B73-2F9707D35853}.Release|Any CPU.ActiveCfg = Release|Any CPU
		{27304222-679B-4E18-8B73-2F9707D35853}.Release|Any CPU.Build.0 = Release|Any CPU
		{27304222-679B-4E18-8B73-2F9707D35853}.Release|x86.ActiveCfg = Release|Any CPU
		{27304222-679B-4E18-8B73-2F9707D35853}.Release|x86.Build.0 = Release|Any CPU
		{D3F3CA8C-6220-414D-845F-E1A2B0DE8561}.Debug|Any CPU.ActiveCfg = Debug|Any CPU
		{D3F3CA8C-6220-414D-845F-E1A2B0DE8561}.Debug|Any CPU.Build.0 = Debug|Any CPU
		{D3F3CA8C-6220-414D-845F-E1A2B0DE8561}.Debug|x86.ActiveCfg = Debug|Any CPU
		{D3F3CA8C-6220-414D-845F-E1A2B0DE8561}.Debug|x86.Build.0 = Debug|Any CPU
		{D3F3CA8C-6220-414D-845F-E1A2B0DE8561}.Release|Any CPU.ActiveCfg = Release|Any CPU
		{D3F3CA8C-6220-414D-845F-E1A2B0DE8561}.Release|Any CPU.Build.0 = Release|Any CPU
		{D3F3CA8C-6220-414D-845F-E1A2B0DE8561}.Release|x86.ActiveCfg = Release|Any CPU
		{D3F3CA8C-6220-414D-845F-E1A2B0DE8561}.Release|x86.Build.0 = Release|Any CPU
	EndGlobalSection
	GlobalSection(SolutionProperties) = preSolution
		HideSolutionNode = FALSE
	EndGlobalSection
	GlobalSection(ExtensibilityGlobals) = postSolution
		SolutionGuid = {80BF754F-2C5D-451B-8F47-574E89B769A2}
	EndGlobalSection
EndGlobal
